
Microsoft Visual Studio Solution File, Format Version 12.00
# Visual Studio Version 17
VisualStudioVersion = 17.1.32210.238
MinimumVisualStudioVersion = 10.0.40219.1
Project("{888888A0-9F3D-457C-B088-3A5042F75D52}") = "KeyTyper", "KeyTyper.pyproj", "{22423C88-7739-493B-9C91-5D0FED4FA392}"
EndProject
Global
	GlobalSection(SolutionConfigurationPlatforms) = preSolution
		Debug|Any CPU = Debug|Any CPU
		Release|Any CPU = Release|Any CPU
	EndGlobalSection
	GlobalSection(ProjectConfigurationPlatforms) = postSolution
		{22423C88-7739-493B-9C91-5D0FED4FA392}.Debug|Any CPU.ActiveCfg = Debug|Any CPU
		{22423C88-7739-493B-9C91-5D0FED4FA392}.Release|Any CPU.ActiveCfg = Release|Any CPU
	EndGlobalSection
	GlobalSection(SolutionProperties) = preSolution
		HideSolutionNode = FALSE
	EndGlobalSection
	GlobalSection(ExtensibilityGlobals) = postSolution
		SolutionGuid = {EB5A1E4C-88EC-4EE1-B591-20D75703D755}
	EndGlobalSection
EndGlobal
